# Native validation only; legacy .graphify-requirements.txt is unchanged.
# Graphify base requirements, without optional extras; Supported native Python profiles: 3.12 and 3.14.
# Resolved 2026-09-16 from PyPI wheel metadata; hashes cover published non-yanked wheels.
# Install with --require-hashes --only-binary=:all:.

graphifyy==0.4.12 \
    --hash=sha256:e6db31d8b8b4f5492d8da5047bc1445e0eceee99c27c4b1eefc0cf27d9312620

networkx==3.6.1; python_version >= "3.11" \
    --hash=sha256:d47fbf302e7d9cbbb9e2555a0d267983d2aa476bac30e90dfbe5669bd57f3762

tree-sitter==0.26.0 \
    --hash=sha256:00289bfe7978f3e0dc0ce69813a20fa9f44ea4c100b3ec62043e5eb74ccfc3a2 \
    --hash=sha256:0f8793fd18ad7eec276ed4b51c097b4bf2002b357259b66b0d75db1f3f41c754 \
    --hash=sha256:10f0d4eb94aa7242dcb7f554bcd24dd7ba1c114f00d58759ba08c7a46c8ec51a \
    --hash=sha256:17a1c5cfd3a05d5c7c86bf4282b6ef8092c91dc0a98390499669c3fedb7d1814 \
    --hash=sha256:1d6fe0e8fb4df77b5ee816228e2c4475a63d8cc1d4d3a7ffd7097b2b87fc3e95 \
    --hash=sha256:253df7ab82cc0a9d311cd65f06e9f99fb3eac55996ae9fc94da22f123a861b90 \
    --hash=sha256:26c996c1edfee86e977bb3f5462e74fcec0d0b0db1e85a3c475875763caa03be \
    --hash=sha256:2f941cea06128c1f74f8937a8e2a90c7db49cf4be6647cd9e07d92a306d91517 \
    --hash=sha256:30a88be89ff1f2755297f81e8080d88b795dd98720c3f9fa2acf93873182cc95 \
    --hash=sha256:335294ce0504fcefde5245dff596778ffaf820205b98ae0b549c72e48855f1d8 \
    --hash=sha256:3f3c44339dd34fe8eb2b8d5aa7610660499a795f70376b130bbee7a437337280 \
    --hash=sha256:514a9bf8993e5210e7970736aaf6020d1759b670e195ef17b1c48f586aa30736 \
    --hash=sha256:526a165a2cb1d1f79e247d400f0e0acd8d49a817d6f312d543513af200b1f886 \
    --hash=sha256:5a3c93a352b7e6f70f73e121bbfa2d0117ba7478bd51114ed35c91b0b78814fa \
    --hash=sha256:5a6b333b0282d8bb0af741f9b018bd2523d4eecb2686bf6717066a625fecfaa4 \
    --hash=sha256:5fc2f41bf246ff2f70a9cc3690be35ec7580a4923151873d898c8bcb1a4503d3 \
    --hash=sha256:6189c6c340c7384357711e3d92645e96bfb79f7a502f86de1ebdb23eb43f7dab \
    --hash=sha256:6cb2bd20efb2544c19ac54486ab7cb8ec7b36f913bbe1ce95df84acb96743d9c \
    --hash=sha256:7075ef857ef86f327dbb72d1e2574dda78db5754b3a1fca6506acd7fe5d561a7 \
    --hash=sha256:763627db05db34f12333081bd7422cc1c675893d373cc870b3e9249e200700e4 \
    --hash=sha256:7bcbadfa614326debef581957d5c780a9d7f66065c13deea61aa21d1dd36263f \
    --hash=sha256:823251c4b6725a7c03ed497a339135ede7ae4bdde75bb8be7ef5e305aeb4ff52 \
    --hash=sha256:8ff2e0750b7daa722302838356d7b65e303829b7eb73c915df127ddba115e1d1 \
    --hash=sha256:918d89529786873f0982a0f59c2a303cd065fbfd1b903d71a8e4e1584f67b42e \
    --hash=sha256:93e220cab7e6a823efeb2046c49171427de92ef71c7c681c01820d14d8d3721f \
    --hash=sha256:94550e13b6ae576969da40246f4c4abb206380b5375ad43f26dd9151d55438e3 \
    --hash=sha256:a4033fecc8f606c7f2e8b8014d0057b74668a7f0152763606f7bc25c5f9ec64c \
    --hash=sha256:b31a8195d2f224224c530ac814632d98c1dcc123d227442c07c736e86b70d564 \
    --hash=sha256:b8ea92a255c91671a7ec4625aba3ab7bb5220c423630ffbf83c45d7312abe084 \
    --hash=sha256:bc6cb01d5ee75c85424aa1f1c72a82d8f07fd52539a0f3c4a6ed3e8721079b84 \
    --hash=sha256:c56581ad256c4195a21bfe449fed5d44a02fe83a4a7d6e70e6ec302c881191c7 \
    --hash=sha256:ca89e361a276dbc934b28a43dd881199e25d34ff5493ee0ce45f3c52a6124a37 \
    --hash=sha256:dea4b4e27d49e9ec5b785d4f994da000e6726882fcc6ad05ec98478500c71aef \
    --hash=sha256:e9e46b664887d8c1014f1fb33e09454bbdd9ec1fe29b7fd02dde7b46bc1bb81a \
    --hash=sha256:ed0889dbed843ce45ede9f5169c0b2dea2222f12685844a03fadb81f12705867 \
    --hash=sha256:f289be0225ba2ace8e87d6c9639b2bc9ff2b5271afb7c5d39282a4a00e248682 \
    --hash=sha256:f665510f0fcf4636fb9696f1f7853bed7a3bd764b7bb0cb8494e619c14ed5a0c \
    --hash=sha256:f9997ba61368c48ed54e715676afadf703947a1542464e39d047764fb3624b01 \
    --hash=sha256:ff527388df14cb5009f9274faf78cc69a7393ae6acf3b04784b8acca249519c5 \
    --hash=sha256:ff80d4833d330a73184a3ac5132abe93c575d2dea31975c6f15c0d21fef238aa

tree-sitter-c==0.24.2 \
    --hash=sha256:4a2f4371cd816cc3153458f69062135ebb2ea5f275ddd90494e5c823d778204a \
    --hash=sha256:4d4579a8b54f0a442f903d88d3304cab77cd5c2031d4015baa4f2f8e15d6dcb7 \
    --hash=sha256:5041ef67eb68ce6bc8bb0b1f8ef3a5585ce523dae0c7eec109ab0627dd75aede \
    --hash=sha256:82842c5a5f2acd93f4de10038c33ac179c8979defc39376f990348d6289e933b \
    --hash=sha256:97bc80a224d48215d4e6e6376bf30d114f4c317b8145ff1b02afe785d4ba7bdd \
    --hash=sha256:abb549225091f7b25df2dd3a0143ece6e208f7055d8bcb4700b41ee79b9ef1e1 \
    --hash=sha256:c098bedcd5ac86ff93fa734d51d1dd86aed40fd5ed7d634c7af11380a0469969 \
    --hash=sha256:e2b42e8e22202c251f8629306f9321233542e07a6e01611b5fe83489272143eb

tree-sitter-c-sharp==0.23.5 \
    --hash=sha256:05a9256415e7f24d4f133133794a9c224c60d19f677a04e2f6a94c25090b6d65 \
    --hash=sha256:2de4ebf95ddc2e92cd3105c8a8e0e7ec646bc82f52bfaf2f3acec0fa2401ec09 \
    --hash=sha256:3ea38fb095d85d360dc5a0bec2fa605e496228876f798c9e089d5f0e72bcef46 \
    --hash=sha256:41a28cfa3d9ea50f5629e44550a03188c8fbd5079803dfc03554b6fd594b33fa \
    --hash=sha256:61e1981cf21b09ee547b9c4c68e64fb4394325f8fc8d5f6d50d41471eba923ea \
    --hash=sha256:8636dc70b5a373c35c1036ed5de98e801f2e4d105ae41e2e20b6804c36e3bf33 \
    --hash=sha256:a75994a11f6fed3f5b8c36ad6a00e5dc43205bd912c43af3a2a54fdf649664eb \
    --hash=sha256:aa88a780204cd153c4c1ae2d59c654cee1402212fa0d069823d6d34301587438

tree-sitter-cpp==0.23.4 \
    --hash=sha256:247d127f0eb6574b0f6b30c0151e0bd0774e2e7acf9c558bdf9fbb8adc2e80c0 \
    --hash=sha256:68606a45bea92669d155399e1239f771a7767d8683cd8f8e30e7d813107030ca \
    --hash=sha256:712f84f18be94cbe2a148fa4fdf40fcf4a8c25a8f7670efb9f8a47ddec2fc281 \
    --hash=sha256:773d2cafc08bbc0f998687fa33f42f378c1a371cdb582870c4d13abb06092706 \
    --hash=sha256:aacb1759f0efd9dbc25bd8ee88184a340483018869f75412d9c3bc32c039a520 \
    --hash=sha256:bc3c404d9f0cbd87951213a85440afbf4c31e718f8d907fa9ee12bea4b8d276f \
    --hash=sha256:ccc43ddf1279d5d5a4ef190373f4cb16522801bec4492bcd4754edf2aeba2b7b

tree-sitter-elixir==0.3.5 \
    --hash=sha256:015f537731af690cfa238b0fb76a8af4f0d1a2c54a38563f159926d2967ce650 \
    --hash=sha256:514078a2f68d27da9a1e6b6e9601b8456faba6260ecfa252e898a848c4f8584d \
    --hash=sha256:b5d5d8aa077ff244d24406b1fb5a17c03a2919c5183c51ca35654870d08b239b \
    --hash=sha256:c0b5df229405d42ba5c94254d92e414b1f200be8422561d243ae5b3558e84f76 \
    --hash=sha256:d1159057f914d4468fc53cb9d7e8369f8a7826e1d07765bb53fbf391e6058863 \
    --hash=sha256:d6187b4d592bfb31760799ac6ddbb5a2457ba0a612de43d77bcbcd5f00cc49bf \
    --hash=sha256:ebfe3491a3d00ac50b12a3bfcabb1c564f3809ed8a095099fe87f49d6b3987e6 \
    --hash=sha256:fee42b90962e1e131cc31720f3038410291b2196ed231e00c1721597fc0567df

tree-sitter-go==0.25.0 \
    --hash=sha256:04b3b3cb4aff18e74e28d49b716c6f24cb71ddfdd66768987e26e4d0fa812f74 \
    --hash=sha256:148255aca2f54b90d48c48a9dbb4c7faad6cad310a980b2c5a5a9822057ed145 \
    --hash=sha256:30d4ada57a223dfc2c32d942f44d284d40f3d1215ddcf108f96807fd36d53022 \
    --hash=sha256:4d338116cdf8a6c6ff990d2441929b41323ef17c710407abe0993c13417d6aad \
    --hash=sha256:503b81a2b4c31e302869a1de3a352ad0912ccab3df9ac9950197b0a9ceeabd8f \
    --hash=sha256:5608e089d2a29fa8d2b327abeb2ad1cdb8e223c440a6b0ceab0d3fa80bdeebae \
    --hash=sha256:b852993063a3429a443e7bd0aa376dd7dd329d595819fabf56ac4cf9d7257b54 \
    --hash=sha256:d5d62362059bf79997340773d47cc7e7e002883b527a05cca829c46e40b70ded

tree-sitter-java==0.23.5 \
    --hash=sha256:1ee45e790f8d31d416bc84a09dac2e2c6bc343e89b8a2e1d550513498eedfde7 \
    --hash=sha256:24acd59c4720dedad80d548fe4237e43ef2b7a4e94c8549b0ca6e4c4d7bf6e69 \
    --hash=sha256:355ce0308672d6f7013ec913dee4a0613666f4cda9044a7824240d17f38209df \
    --hash=sha256:370b204b9500b847f6d0c5ad584045831cee69e9a3e4d878535d39e4a7e4c4f1 \
    --hash=sha256:402efe136104c5603b429dc26c7e75ae14faaca54cfd319ecc41c8f2534750f4 \
    --hash=sha256:9401e7271f0b333df39fc8a8336a0caf1b891d9a2b89ddee99fae66b794fc5b7 \
    --hash=sha256:aae84449e330363b55b14a2af0585e4e0dae75eb64ea509b7e5b0e1de536846a

tree-sitter-javascript==0.25.0 \
    --hash=sha256:199d09985190852e0912da2b8d26c932159be314bc04952cf917ed0e4c633e6b \
    --hash=sha256:1b852d3aee8a36186dbcc32c798b11b4869f9b5041743b63b65c2ef793db7a54 \
    --hash=sha256:622a69d677aa7f6ee2931d8c77c981a33f0ebb6d275aa9d43d3397c879a9bb0b \
    --hash=sha256:8264a996b8845cfce06965152a013b5d9cbb7d199bc3503e12b5682e62bb1de1 \
    --hash=sha256:9dc04ba91fc8583344e57c1f1ed5b2c97ecaaf47480011b92fbeab8dda96db75 \
    --hash=sha256:b70f887fb269d6e58c349d683f59fa647140c410cfe2bee44a883b20ec92e3dc \
    --hash=sha256:dfcf789064c58dc13c0a4edb550acacfc6f0f280577f1e7a00de3e89fc7f8ddc \
    --hash=sha256:e5ed840f5bd4a3f0272e441d19429b26eedc257abe5574c8546da6b556865e3c

tree-sitter-julia==0.23.1 \
    --hash=sha256:13031aa4c9ac7d0665aa3ecd9fbc6f9c6afd601c68f6ae67a8eeaca01465aeed \
    --hash=sha256:4bd4d8e76ab780a2de9af90cefada494cb174991d74993b6a243f28081e9432b \
    --hash=sha256:673ad3079f2328c28affbee5dbedb63c7e6dab248579aabdb813bc7b862a0261 \
    --hash=sha256:7708a4a01831dd7cb7e6ee25146e654a0bf89077e85ffe8b5025b63a302af145 \
    --hash=sha256:7d4f6ae938198fc0be9b6ea76313ade24fcdb89be01a791e0cc90c88fae5743d \
    --hash=sha256:8197c8d9b0cb51421aa2832f3fb539504d7b514cbb1fc79130bb1445c0b4a457 \
    --hash=sha256:a8aa8e959e73158632687423f4c6c61aa52dea65a451220e3e0223b67149a046

tree-sitter-kotlin==1.1.0 \
    --hash=sha256:5960034a5c5bcc7ccb21dc7a29e4267ac4f0ef37884f39d75695eac7f004deff \
    --hash=sha256:6cca5ef06d090e8494ac1d9f0aac71ed32207d412766b5df7da00d94334181a2 \
    --hash=sha256:906e5444ebb01db439cb3ad65913598a4ea957b0e068aa973265926a17eb00e0 \
    --hash=sha256:910b41a580dae00d319e555075f3886a41386d1067931b14c7de504eeae3ae2a \
    --hash=sha256:9a92afe24b634cf914c5812af0f5c53184b1c18bdf6ee5505c83afac81f6bf6c \
    --hash=sha256:d4d3f330f515ba8b91da04a5335eb9ff3ce071c7b7855958912f2560f6e14976 \
    --hash=sha256:e030f127a7d07952907adb9070248bd42fb86dc76fd92744727551b50e131ee7

tree-sitter-lua==0.5.0 \
    --hash=sha256:5ec448c854fea32414a0449147d648bc5baddf7a0357008c4abe3269db35370a \
    --hash=sha256:8488f3bea40779896f5771bcfcdc26900eb21e94f6658eb68a848fc37dd39221 \
    --hash=sha256:922a5a3d0fec8af373cab504cbcd9abeeebb212d454f54163591c50c183466be \
    --hash=sha256:9a048571f55a3dd30c94e2313091274338284cab23e757c181e4961c185ba9d0 \
    --hash=sha256:ace3dd61218124ee08410a55601cb5fbbb00be3ee004b30e705cef9ef25165a9 \
    --hash=sha256:b02f057a997e618c5b1b03a5cef9dd6c2673043d396ca86edba372728f17ef53 \
    --hash=sha256:c14714ad395c4166566f3e4dd0cc0979411684cbcd23702e3c631c3e6eae84fd \
    --hash=sha256:cc4f2eb734dc9223bf96c0eeffa78a9485db207d00841e27e52c8b036f2164f7

tree-sitter-objc==3.0.2 \
    --hash=sha256:30b6f9cd49593bac50161a6de6e1b8d591b318d64b33b8bde5385faa05461084 \
    --hash=sha256:9a99d9b81a4e507bd33329be136928b3ebe424ce8b9d6b8a8339083ceb453b5b \
    --hash=sha256:9fa8b1221d2651a51cf42e1551c0804e9f48707da70f41f3195910c599b5522b \
    --hash=sha256:bd25b3c4ca99263c0898aa7a362a1b8d9bb642692ae9ddd357755586019b1544 \
    --hash=sha256:d288d5ad4951fa31eeaf39972b39b41694eec8cc70739d48e745357c2e2c4aad \
    --hash=sha256:e71282ac9c096a966bf2fa6a4ecdbea4bd037d3e01ea4aa9bbc64d9a4c0022f6 \
    --hash=sha256:f3c93e991a86e96b8996cc735a4b31b38c65820913bf5a96904d07a51a8d9423

tree-sitter-php==0.24.1 \
    --hash=sha256:1a1b65b72a8410d421f914ee13d38fd546a94d01cb834f69b27c78ba7589a5b5 \
    --hash=sha256:29759c67d4c27a68c227ed82c0b7e4699617b1bd23757d50c081f81a12b4f80d \
    --hash=sha256:3e96f61462a960c78e5389c7ba6c16c25e66b465c763b8e63ad66423326c2fa7 \
    --hash=sha256:56a70c5ef1bddb15f220a479b2f2edf3042c764b6c443921fbd7ca9174d664e3 \
    --hash=sha256:7a1404a30f2972498ace040b0029738b8dac45d0a12932ccb8b605eb94bafbe4 \
    --hash=sha256:94b89832ac09f078eed2acd88598838bc51012224cbcebb916dbb6a37e74357e \
    --hash=sha256:d56e2dcf025450f84a2cdbf4b18a09e6cb88b92e9e6858e63de3d4133ab2e43e

tree-sitter-powershell==0.26.4 \
    --hash=sha256:0bf8beac7ed4501d1c52456f8ae9728ab2a5a079325548b06b1bc9746655524e \
    --hash=sha256:1170665958ed29abe015ad294408f15b1f76e5d52e0b96e7718ffbf340b9670c \
    --hash=sha256:56508e4ac7aad1e3b26f2ef96b8d2b60b149c4efa0c23742e91e809a11db73ee \
    --hash=sha256:5651d240387d5b9cd23ae20afdd8aad17934304a1a21d4e7825e4df38e39dda6 \
    --hash=sha256:702eadf70ec8b1fd0bbf9b4169ed58f0ee0bcab333e5103e97c0f562be299088 \
    --hash=sha256:b2222e192edba88930b89ed5e5da66c75ea21a064768a10261c5bb01e1348de8 \
    --hash=sha256:b5dde429c9de55b75906e240d6db1cf85417e2fc0a56d7b321810c2cd4cf3f98 \
    --hash=sha256:c0989b221ce6cc1dfe3bc9993d3ca1ee96f3ca62173423b9a332a61c5afa3c12

tree-sitter-python==0.25.0 \
    --hash=sha256:0fbf6a3774ad7e89ee891851204c2e2c47e12b63a5edbe2e9156997731c128bb \
    --hash=sha256:14a79a47ddef72f987d5a2c122d148a812169d7484ff5c75a3db9609d419f361 \
    --hash=sha256:480c21dbd995b7fe44813e741d71fed10ba695e7caab627fb034e3828469d762 \
    --hash=sha256:71959832fc5d9642e52c11f2f7d79ae520b461e63334927e93ca46cd61cd9683 \
    --hash=sha256:86f118e5eecad616ecdb81d171a36dde9bef5a0b21ed71ea9c3e390813c3baf5 \
    --hash=sha256:9bcde33f18792de54ee579b00e1b4fe186b7926825444766f849bf7181793a76 \
    --hash=sha256:be71650ca2b93b6e9649e5d65c6811aad87a7614c8c1003246b303f6b150f61b \
    --hash=sha256:e6d5b5799628cc0f24691ab2a172a8e676f668fe90dc60468bee14084a35c16d

tree-sitter-ruby==0.23.1 \
    --hash=sha256:02e2c19ebefe29226c14aa63e11e291d990f5b5c20a99940ab6e7eda44e744e5 \
    --hash=sha256:39f391322d2210843f07081182dbf00f8f69cfbfa4687b9575cac6d324bae443 \
    --hash=sha256:62b36813a56006b7569db7868f6b762caa3f4e419bd0f8cf9ccbb4abb1b6254c \
    --hash=sha256:66c65d6c2a629783ca4ab2bab539bd6f271ce6f77cacb62845831e11665b5bd3 \
    --hash=sha256:aa4ee7433bd42fac22e2dad4a3c0f332292ecf482e610316828c711a0bb7f794 \
    --hash=sha256:ed042007e89f2cceeb1cbdd8b0caa68af1e2ce54c7eb2053ace760f90657ac9f \
    --hash=sha256:f7bcd93972b4ca2803856d4fe0fbd04123ff29c4592bbb9f12a27528bd252341

tree-sitter-rust==0.24.2 \
    --hash=sha256:01a46622735498493f29f3e628a90de95c96a07bfbeb88996243eb986b1cee36 \
    --hash=sha256:3620cfd12340efa43082d45df76349ff511893a9c361da2f8d6d51e307020a59 \
    --hash=sha256:4529c125d928882ddfb879fdc6bc0704913261ecc078b6fa7902559e0daf200d \
    --hash=sha256:66ba90f61bd54f4c4f5d30434957daf64507c16b0313df76becb37d63f70a227 \
    --hash=sha256:87930163a462408c49ab62c667e74029bc26b4cc7123dd1bdc7352215786c64a \
    --hash=sha256:9d76d1208c3638b871236090759dfc13d478921320653a6c9da5336e7c58f65a \
    --hash=sha256:da2b86099028fd42c6cd32878b7b16b01f8aac0f7b0e98742b7fa6bc3cf09b89 \
    --hash=sha256:e033c5a93b57c88e0a835880de39fc802909ff69f57aaff6000211c196ea5190

tree-sitter-scala==0.26.2 \
    --hash=sha256:0ac121c9afd813e0820c9f0e90c2d028ca90e096298cbcab2f139ba5f4a8aaaa \
    --hash=sha256:0e68e55c50fa7e7f2866ce7ca590df8df6407dd7a85e484e9f20e974cbc6d8f2 \
    --hash=sha256:54d2e92824c7908b7e688f218dc1d65c5684c365cd7a3e8028e8860847aeabd4 \
    --hash=sha256:679bb420771e236d6bcc60c2c7f6096f344cf07d829a7f401250735ad4f4a695 \
    --hash=sha256:a2ba6e45827e01f11790b24cdae357db51ede59ee7ee5c8b7eccc61e9a7782ea \
    --hash=sha256:beab6a0397d4f45cecaed715f224f444652d6bb1c5318d46c641893cd91de98d \
    --hash=sha256:eba630fc41cee1093005883fa70e275ecb26351e3ca6471ac2f6f83779478d07

tree-sitter-swift==0.7.3 \
    --hash=sha256:01c1e812289a2f7f01f63627a5d94a0b57d69332e8b52624becfe79ee8061651 \
    --hash=sha256:2531ec866c22ea52384e2786e07f3b2bb396c6446428a2df02cc74af3f7e6b6a \
    --hash=sha256:4b1de6122cbd82b2cea6d3a295f9f5f9297601b829061119e161da17a7ba7d17 \
    --hash=sha256:af44acc50d16f284abb607ae0cf7f81011d5566283d6c62a045a549a9331a653 \
    --hash=sha256:ee627e027d0868c552beca13dcdfa9944662b126f642464c5038ee3204e68340 \
    --hash=sha256:eee02fecb60a07267edd123148c583d6ec9efc5d7fcb25e53da4e56869fd4cf3 \
    --hash=sha256:f30c30831f090ebe245f54ddcd280d2c5f7020ba17d6bbec1662bbfae140c467 \
    --hash=sha256:f38feeb4f7350c8b30d567a0dc08bf1eeaa67c241b6888d72a45a8b1a4aa7187

tree-sitter-typescript==0.23.2 \
    --hash=sha256:05db58f70b95ef0ea126db5560f3775692f609589ed6f8dd0af84b7f19f1cbb7 \
    --hash=sha256:3cd752d70d8e5371fdac6a9a4df9d8924b63b6998d268586f7d374c9fba2a478 \
    --hash=sha256:3f730b66396bc3e11811e4465c41ee45d9e9edd6de355a58bbbc49fa770da8f9 \
    --hash=sha256:4b1eed5b0b3a8134e86126b00b743d667ec27c63fc9de1b7bb23168803879e31 \
    --hash=sha256:8d4f0f9bcb61ad7b7509d49a1565ff2cc363863644a234e1e0fe10960e55aea0 \
    --hash=sha256:c7cc1b0ff5d91bac863b0e38b1578d5505e718156c9db577c8baea2557f66de8 \
    --hash=sha256:e96d36b85bcacdeb8ff5c2618d75593ef12ebaf1b4eace3477e2bdb2abb1752c

tree-sitter-zig==1.1.2 \
    --hash=sha256:1962e95067ac5ee784daddd573f828ef32f15e9c871967df6833d3d389113eae \
    --hash=sha256:7b94f00a0e69231ac4ebf0aa763734b9b5637e0ff13634ebfe6d13fadece71e9 \
    --hash=sha256:88152ebeaeca1431a6fc943a8b391fee6f6a8058f17435015135157735061ddf \
    --hash=sha256:d8f463c370cdd71025b8d40f90e21e8fc25c7394eb64ebd53b1e566d712a3a68 \
    --hash=sha256:daa2cdd7c1a2d278f2a917c85993adb6e84d37778bfc350ee9e342872e7f8be2 \
    --hash=sha256:e7542354a5edba377b5692b2add4f346501306d455e192974b7e76bf1a61a282 \
    --hash=sha256:e924509dcac5a6054da357e3d6bcf37ea82984ee1d2a376569753d32f61ea8bb
